
Microsoft Visual Studio Solution File, Format Version 12.00
# Visual Studio Version 17
VisualStudioVersion = 17.4.33103.184
MinimumVisualStudioVersion = 10.0.40219.1
Project("{FAE04EC0-301F-11D3-BF4B-00C04F79EFBC}") = "AdventOfCode", "src\AdventOfCode\AdventOfCode.csproj", "{065445A2-75B4-4454-86BB-7F1174811E95}"
EndProject
Global
	GlobalSection(SolutionConfigurationPlatforms) = preSolution
		Debug|Any CPU = Debug|Any CPU
		Release|Any CPU = Release|Any CPU
	EndGlobalSection
	GlobalSection(ProjectConfigurationPlatforms) = postSolution
		{065445A2-75B4-4454-86BB-7F1174811E95}.Debug|Any CPU.ActiveCfg = Debug|Any CPU
		{065445A2-75B4-4454-86BB-7F1174811E95}.Debug|Any CPU.Build.0 = Debug|Any CPU
		{065445A2-75B4-4454-86BB-7F1174811E95}.Release|Any CPU.ActiveCfg = Release|Any CPU
		{065445A2-75B4-4454-86BB-7F1174811E95}.Release|Any CPU.Build.0 = Release|Any CPU
	EndGlobalSection
	GlobalSection(SolutionProperties) = preSolution
		HideSolutionNode = FALSE
	EndGlobalSection
	GlobalSection(ExtensibilityGlobals) = postSolution
		SolutionGuid = {B5A81238-A4DD-4CF4-9F37-E7765EBA0EE3}
	EndGlobalSection
EndGlobal
